
Microsoft Visual Studio Solution File, Format Version 12.00
# Visual Studio Version 17
VisualStudioVersion = 17.6.33723.286
MinimumVisualStudioVersion = 10.0.40219.1
Project("{FAE04EC0-301F-11D3-BF4B-00C04F79EFBC}") = "API", "API\API.csproj", "{B4F062C8-D0AD-46EA-9730-23220ACCF458}"
EndProject
Global
	GlobalSection(SolutionConfigurationPlatforms) = preSolution
		Debug|Any CPU = Debug|Any CPU
		Release|Any CPU = Release|Any CPU
	EndGlobalSection
	GlobalSection(ProjectConfigurationPlatforms) = postSolution
		{B4F062C8-D0AD-46EA-9730-23220ACCF458}.Debug|Any CPU.ActiveCfg = Debug|Any CPU
		{B4F062C8-D0AD-46EA-9730-23220ACCF458}.Debug|Any CPU.Build.0 = Debug|Any CPU
		{B4F062C8-D0AD-46EA-9730-23220ACCF458}.Release|Any CPU.ActiveCfg = Release|Any CPU
		{B4F062C8-D0AD-46EA-9730-23220ACCF458}.Release|Any CPU.Build.0 = Release|Any CPU
	EndGlobalSection
	GlobalSection(SolutionProperties) = preSolution
		HideSolutionNode = FALSE
	EndGlobalSection
	GlobalSection(ExtensibilityGlobals) = postSolution
		SolutionGuid = {087D108F-BD39-453F-9374-E839871D43D8}
	EndGlobalSection
EndGlobal
